
Microsoft Visual Studio Solution File, Format Version 12.00
# Visual Studio Version 17
VisualStudioVersion = 17.13.35931.197 d17.13
MinimumVisualStudioVersion = 10.0.40219.1
Project("{FAE04EC0-301F-11D3-BF4B-00C04F79EFBC}") = "SMSManager.UI", "SMSManager.UI\SMSManager.UI.csproj", "{8285A809-89F9-423B-866E-9C895AF95B53}"
EndProject
Project("{FAE04EC0-301F-11D3-BF4B-00C04F79EFBC}") = "SMSManager.Logica", "SMSManager.Logica\SMSManager.Logica.csproj", "{63B77703-509A-4923-8471-D6F4F3F19D10}"
EndProject
Project("{FAE04EC0-301F-11D3-BF4B-00C04F79EFBC}") = "SMSManager.Datos", "SMSManager.Datos\SMSManager.Datos.csproj", "{0C48598D-01B6-4CC9-9DEE-BAA2CE886BEC}"
EndProject
Project("{FAE04EC0-301F-11D3-BF4B-00C04F79EFBC}") = "SMSManager.Objetos", "SMSManager.Objetos\SMSManager.Objetos.csproj", "{C3964DCA-7CDB-4EC1-A303-2F6E8621E3C2}"
EndProject
Project("{FAE04EC0-301F-11D3-BF4B-00C04F79EFBC}") = "SMSManager.Utilidades", "SMSManager.Utilidades\SMSManager.Utilidades.csproj", "{AF62AE37-8EF3-4A43-87AD-69C3C19B065C}"
EndProject
Global
	GlobalSection(SolutionConfigurationPlatforms) = preSolution
		Debug|Any CPU = Debug|Any CPU
		Release|Any CPU = Release|Any CPU
	EndGlobalSection
	GlobalSection(ProjectConfigurationPlatforms) = postSolution
		{8285A809-89F9-423B-866E-9C895AF95B53}.Debug|Any CPU.ActiveCfg = Debug|Any CPU
		{8285A809-89F9-423B-866E-9C895AF95B53}.Debug|Any CPU.Build.0 = Debug|Any CPU
		{8285A809-89F9-423B-866E-9C895AF95B53}.Release|Any CPU.ActiveCfg = Release|Any CPU
		{8285A809-89F9-423B-866E-9C895AF95B53}.Release|Any CPU.Build.0 = Release|Any CPU
		{63B77703-509A-4923-8471-D6F4F3F19D10}.Debug|Any CPU.ActiveCfg = Debug|Any CPU
		{63B77703-509A-4923-8471-D6F4F3F19D10}.Debug|Any CPU.Build.0 = Debug|Any CPU
		{63B77703-509A-4923-8471-D6F4F3F19D10}.Release|Any CPU.ActiveCfg = Release|Any CPU
		{63B77703-509A-4923-8471-D6F4F3F19D10}.Release|Any CPU.Build.0 = Release|Any CPU
		{0C48598D-01B6-4CC9-9DEE-BAA2CE886BEC}.Debug|Any CPU.ActiveCfg = Debug|Any CPU
		{0C48598D-01B6-4CC9-9DEE-BAA2CE886BEC}.Debug|Any CPU.Build.0 = Debug|Any CPU
		{0C48598D-01B6-4CC9-9DEE-BAA2CE886BEC}.Release|Any CPU.ActiveCfg = Release|Any CPU
		{0C48598D-01B6-4CC9-9DEE-BAA2CE886BEC}.Release|Any CPU.Build.0 = Release|Any CPU
		{C3964DCA-7CDB-4EC1-A303-2F6E8621E3C2}.Debug|Any CPU.ActiveCfg = Debug|Any CPU
		{C3964DCA-7CDB-4EC1-A303-2F6E8621E3C2}.Debug|Any CPU.Build.0 = Debug|Any CPU
		{C3964DCA-7CDB-4EC1-A303-2F6E8621E3C2}.Release|Any CPU.ActiveCfg = Release|Any CPU
		{C3964DCA-7CDB-4EC1-A303-2F6E8621E3C2}.Release|Any CPU.Build.0 = Release|Any CPU
		{AF62AE37-8EF3-4A43-87AD-69C3C19B065C}.Debug|Any CPU.ActiveCfg = Debug|Any CPU
		{AF62AE37-8EF3-4A43-87AD-69C3C19B065C}.Debug|Any CPU.Build.0 = Debug|Any CPU
		{AF62AE37-8EF3-4A43-87AD-69C3C19B065C}.Release|Any CPU.ActiveCfg = Release|Any CPU
		{AF62AE37-8EF3-4A43-87AD-69C3C19B065C}.Release|Any CPU.Build.0 = Release|Any CPU
	EndGlobalSection
	GlobalSection(SolutionProperties) = preSolution
		HideSolutionNode = FALSE
	EndGlobalSection
	GlobalSection(ExtensibilityGlobals) = postSolution
		SolutionGuid = {B8365639-DAB1-4E1F-8701-C2E6A357B0AD}
	EndGlobalSection
EndGlobal
